
Microsoft Visual Studio Solution File, Format Version 12.00
# Visual Studio Version 17
VisualStudioVersion = 17.11.35222.181
MinimumVisualStudioVersion = 10.0.40219.1
Project("{FAE04EC0-301F-11D3-BF4B-00C04F79EFBC}") = "ERP-WarehouseManager-BE", "ERP-WarehouseManager-BE\ERP-WarehouseManager-BE.csproj", "{03E73A33-68C8-4540-AA28-B309A7258C0D}"
EndProject
Global
	GlobalSection(SolutionConfigurationPlatforms) = preSolution
		Debug|Any CPU = Debug|Any CPU
		Release|Any CPU = Release|Any CPU
	EndGlobalSection
	GlobalSection(ProjectConfigurationPlatforms) = postSolution
		{03E73A33-68C8-4540-AA28-B309A7258C0D}.Debug|Any CPU.ActiveCfg = Debug|Any CPU
		{03E73A33-68C8-4540-AA28-B309A7258C0D}.Debug|Any CPU.Build.0 = Debug|Any CPU
		{03E73A33-68C8-4540-AA28-B309A7258C0D}.Release|Any CPU.ActiveCfg = Release|Any CPU
		{03E73A33-68C8-4540-AA28-B309A7258C0D}.Release|Any CPU.Build.0 = Release|Any CPU
	EndGlobalSection
	GlobalSection(SolutionProperties) = preSolution
		HideSolutionNode = FALSE
	EndGlobalSection
	GlobalSection(ExtensibilityGlobals) = postSolution
		SolutionGuid = {842EB1C3-93A3-4234-B950-5B73C45C5092}
	EndGlobalSection
EndGlobal
